
Microsoft Visual Studio Solution File, Format Version 12.00
# Visual Studio Version 17
VisualStudioVersion = 17.0.31903.59
MinimumVisualStudioVersion = 10.0.40219.1
Project("{2150E333-8FDC-42A3-9474-1A3956D46DE8}") = "src", "src", "{827E0CD3-B72D-47B6-A68D-7590B98EB39B}"
EndProject
Project("{FAE04EC0-301F-11D3-BF4B-00C04F79EFBC}") = "OctopusPLM.Core", "src\OctopusPLM.Core\OctopusPLM.Core.csproj", "{20713B56-E261-4FFE-83C8-2A57A784175A}"
EndProject
Project("{FAE04EC0-301F-11D3-BF4B-00C04F79EFBC}") = "OctopusPLM.Infrastructure", "src\OctopusPLM.Infrastructure\OctopusPLM.Infrastructure.csproj", "{BC23886D-F0FA-4C6E-A274-0165F131BFD4}"
EndProject
Project("{FAE04EC0-301F-11D3-BF4B-00C04F79EFBC}") = "OctopusPLM.Api", "src\OctopusPLM.Api\OctopusPLM.Api.csproj", "{B501D23E-22E7-4B48-9C60-B75225F4C09E}"
EndProject
Project("{2150E333-8FDC-42A3-9474-1A3956D46DE8}") = "tests", "tests", "{0AB3BF05-4346-4AA6-1389-037BE0695223}"
EndProject
Project("{FAE04EC0-301F-11D3-BF4B-00C04F79EFBC}") = "OctopusPLM.Api.Tests", "tests\OctopusPLM.Api.Tests\OctopusPLM.Api.Tests.csproj", "{664C11E0-BB91-41A3-8F87-5B115C65B3B9}"
EndProject
Global
	GlobalSection(SolutionConfigurationPlatforms) = preSolution
		Debug|Any CPU = Debug|Any CPU
		Debug|x64 = Debug|x64
		Debug|x86 = Debug|x86
		Release|Any CPU = Release|Any CPU
		Release|x64 = Release|x64
		Release|x86 = Release|x86
	EndGlobalSection
	GlobalSection(ProjectConfigurationPlatforms) = postSolution
		{20713B56-E261-4FFE-83C8-2A57A784175A}.Debug|Any CPU.ActiveCfg = Debug|Any CPU
		{20713B56-E261-4FFE-83C8-2A57A784175A}.Debug|Any CPU.Build.0 = Debug|Any CPU
		{20713B56-E261-4FFE-83C8-2A57A784175A}.Debug|x64.ActiveCfg = Debug|Any CPU
		{20713B56-E261-4FFE-83C8-2A57A784175A}.Debug|x64.Build.0 = Debug|Any CPU
		{20713B56-E261-4FFE-83C8-2A57A784175A}.Debug|x86.ActiveCfg = Debug|Any CPU
		{20713B56-E261-4FFE-83C8-2A57A784175A}.Debug|x86.Build.0 = Debug|Any CPU
		{20713B56-E261-4FFE-83C8-2A57A784175A}.Release|Any CPU.ActiveCfg = Release|Any CPU
		{20713B56-E261-4FFE-83C8-2A57A784175A}.Release|Any CPU.Build.0 = Release|Any CPU
		{20713B56-E261-4FFE-83C8-2A57A784175A}.Release|x64.ActiveCfg = Release|Any CPU
		{20713B56-E261-4FFE-83C8-2A57A784175A}.Release|x64.Build.0 = Release|Any CPU
		{20713B56-E261-4FFE-83C8-2A57A784175A}.Release|x86.ActiveCfg = Release|Any CPU
		{20713B56-E261-4FFE-83C8-2A57A784175A}.Release|x86.Build.0 = Release|Any CPU
		{BC23886D-F0FA-4C6E-A274-0165F131BFD4}.Debug|Any CPU.ActiveCfg = Debug|Any CPU
		{BC23886D-F0FA-4C6E-A274-0165F131BFD4}.Debug|Any CPU.Build.0 = Debug|Any CPU
		{BC23886D-F0FA-4C6E-A274-0165F131BFD4}.Debug|x64.ActiveCfg = Debug|Any CPU
		{BC23886D-F0FA-4C6E-A274-0165F131BFD4}.Debug|x64.Build.0 = Debug|Any CPU
		{BC23886D-F0FA-4C6E-A274-0165F131BFD4}.Debug|x86.ActiveCfg = Debug|Any CPU
		{BC23886D-F0FA-4C6E-A274-0165F131BFD4}.Debug|x86.Build.0 = Debug|Any CPU
		{BC23886D-F0FA-4C6E-A274-0165F131BFD4}.Release|Any CPU.ActiveCfg = Release|Any CPU
		{BC23886D-F0FA-4C6E-A274-0165F131BFD4}.Release|Any CPU.Build.0 = Release|Any CPU
		{BC23886D-F0FA-4C6E-A274-0165F131BFD4}.Release|x64.ActiveCfg = Release|Any CPU
		{BC23886D-F0FA-4C6E-A274-0165F131BFD4}.Release|x64.Build.0 = Release|Any CPU
		{BC23886D-F0FA-4C6E-A274-0165F131BFD4}.Release|x86.ActiveCfg = Release|Any CPU
		{BC23886D-F0FA-4C6E-A274-0165F131BFD4}.Release|x86.Build.0 = Release|Any CPU
		{B501D23E-22E7-4B48-9C60-B75225F4C09E}.Debug|Any CPU.ActiveCfg = Debug|Any CPU
		{B501D23E-22E7-4B48-9C60-B75225F4C09E}.Debug|Any CPU.Build.0 = Debug|Any CPU
		{B501D23E-22E7-4B48-9C60-B75225F4C09E}.Debug|x64.ActiveCfg = Debug|Any CPU
		{B501D23E-22E7-4B48-9C60-B75225F4C09E}.Debug|x64.Build.0 = Debug|Any CPU
		{B501D23E-22E7-4B48-9C60-B75225F4C09E}.Debug|x86.ActiveCfg = Debug|Any CPU
		{B501D23E-22E7-4B48-9C60-B75225F4C09E}.Debug|x86.Build.0 = Debug|Any CPU
		{B501D23E-22E7-4B48-9C60-B75225F4C09E}.Release|Any CPU.ActiveCfg = Release|Any CPU
		{B501D23E-22E7-4B48-9C60-B75225F4C09E}.Release|Any CPU.Build.0 = Release|Any CPU
		{B501D23E-22E7-4B48-9C60-B75225F4C09E}.Release|x64.ActiveCfg = Release|Any CPU
		{B501D23E-22E7-4B48-9C60-B75225F4C09E}.Release|x64.Build.0 = Release|Any CPU
		{B501D23E-22E7-4B48-9C60-B75225F4C09E}.Release|x86.ActiveCfg = Release|Any CPU
		{B501D23E-22E7-4B48-9C60-B75225F4C09E}.Release|x86.Build.0 = Release|Any CPU
		{664C11E0-BB91-41A3-8F87-5B115C65B3B9}.Debug|Any CPU.ActiveCfg = Debug|Any CPU
		{664C11E0-BB91-41A3-8F87-5B115C65B3B9}.Debug|Any CPU.Build.0 = Debug|Any CPU
		{664C11E0-BB91-41A3-8F87-5B115C65B3B9}.Debug|x64.ActiveCfg = Debug|Any CPU
		{664C11E0-BB91-41A3-8F87-5B115C65B3B9}.Debug|x64.Build.0 = Debug|Any CPU
		{664C11E0-BB91-41A3-8F87-5B115C65B3B9}.Debug|x86.ActiveCfg = Debug|Any CPU
		{664C11E0-BB91-41A3-8F87-5B115C65B3B9}.Debug|x86.Build.0 = Debug|Any CPU
		{664C11E0-BB91-41A3-8F87-5B115C65B3B9}.Release|Any CPU.ActiveCfg = Release|Any CPU
		{664C11E0-BB91-41A3-8F87-5B115C65B3B9}.Release|Any CPU.Build.0 = Release|Any CPU
		{664C11E0-BB91-41A3-8F87-5B115C65B3B9}.Release|x64.ActiveCfg = Release|Any CPU
		{664C11E0-BB91-41A3-8F87-5B115C65B3B9}.Release|x64.Build.0 = Release|Any CPU
		{664C11E0-BB91-41A3-8F87-5B115C65B3B9}.Release|x86.ActiveCfg = Release|Any CPU
		{664C11E0-BB91-41A3-8F87-5B115C65B3B9}.Release|x86.Build.0 = Release|Any CPU
	EndGlobalSection
	GlobalSection(SolutionProperties) = preSolution
		HideSolutionNode = FALSE
	EndGlobalSection
	GlobalSection(NestedProjects) = preSolution
		{20713B56-E261-4FFE-83C8-2A57A784175A} = {827E0CD3-B72D-47B6-A68D-7590B98EB39B}
		{BC23886D-F0FA-4C6E-A274-0165F131BFD4} = {827E0CD3-B72D-47B6-A68D-7590B98EB39B}
		{B501D23E-22E7-4B48-9C60-B75225F4C09E} = {827E0CD3-B72D-47B6-A68D-7590B98EB39B}
		{664C11E0-BB91-41A3-8F87-5B115C65B3B9} = {0AB3BF05-4346-4AA6-1389-037BE0695223}
	EndGlobalSection
EndGlobal
